
Microsoft Visual Studio Solution File, Format Version 12.00
# Visual Studio Version 16
VisualStudioVersion = 16.0.31911.196
MinimumVisualStudioVersion = 10.0.40219.1
Project("{FAE04EC0-301F-11D3-BF4B-00C04F79EFBC}") = "T2009M_NguyenThiLinh_ExamWAD", "T2009M_NguyenThiLinh_ExamWAD\T2009M_NguyenThiLinh_ExamWAD.csproj", "{7E7C80A0-AA9B-4F70-B7C7-E668E5547EBA}"
EndProject
Global
	GlobalSection(SolutionConfigurationPlatforms) = preSolution
		Debug|Any CPU = Debug|Any CPU
		Release|Any CPU = Release|Any CPU
	EndGlobalSection
	GlobalSection(ProjectConfigurationPlatforms) = postSolution
		{7E7C80A0-AA9B-4F70-B7C7-E668E5547EBA}.Debug|Any CPU.ActiveCfg = Debug|Any CPU
		{7E7C80A0-AA9B-4F70-B7C7-E668E5547EBA}.Debug|Any CPU.Build.0 = Debug|Any CPU
		{7E7C80A0-AA9B-4F70-B7C7-E668E5547EBA}.Release|Any CPU.ActiveCfg = Release|Any CPU
		{7E7C80A0-AA9B-4F70-B7C7-E668E5547EBA}.Release|Any CPU.Build.0 = Release|Any CPU
	EndGlobalSection
	GlobalSection(SolutionProperties) = preSolution
		HideSolutionNode = FALSE
	EndGlobalSection
	GlobalSection(ExtensibilityGlobals) = postSolution
		SolutionGuid = {5B725DCE-F93C-40A1-B00A-7372309177C2}
	EndGlobalSection
EndGlobal
